# THIS IS AN AUTOGENERATED FILE. DO NOT EDIT THIS FILE DIRECTLY.
# yarn lockfile v1


"@altv/types-client@^1.1.0":
  version "1.1.0"
  resolved "https://registry.yarnpkg.com/@altv/types-client/-/types-client-1.1.0.tgz#2d0c1d618ffed56158e6a4b3de1909a6c02ba75a"
  integrity sha512-YP2gTN6zzu+XGqnjyesLd6zOqxXkbjROY/b2HcUSnEImroxtG6asIXdTGQdg7kkUyPhFllNN5ZpkLdLyJhbrug==
